
Microsoft Visual Studio Solution File, Format Version 12.00
# Visual Studio Version 17
VisualStudioVersion = 17.9.34616.47
MinimumVisualStudioVersion = 10.0.40219.1
Project("{FAE04EC0-301F-11D3-BF4B-00C04F79EFBC}") = "lab12", "lab12\lab12.csproj", "{11B33D07-C638-4766-AF0C-33CDFF9F5D46}"
EndProject
Project("{9A19103F-16F7-4668-BE54-9A1E7A4F7556}") = "Musical Instrument", "..\lab10 c#\Musical Instrument\Musical Instrument.csproj", "{7661A951-6892-41C9-B090-A9AF3D4B2702}"
EndProject
Global
	GlobalSection(SolutionConfigurationPlatforms) = preSolution
		Debug|Any CPU = Debug|Any CPU
		Release|Any CPU = Release|Any CPU
	EndGlobalSection
	GlobalSection(ProjectConfigurationPlatforms) = postSolution
		{11B33D07-C638-4766-AF0C-33CDFF9F5D46}.Debug|Any CPU.ActiveCfg = Debug|Any CPU
		{11B33D07-C638-4766-AF0C-33CDFF9F5D46}.Debug|Any CPU.Build.0 = Debug|Any CPU
		{11B33D07-C638-4766-AF0C-33CDFF9F5D46}.Release|Any CPU.ActiveCfg = Release|Any CPU
		{11B33D07-C638-4766-AF0C-33CDFF9F5D46}.Release|Any CPU.Build.0 = Release|Any CPU
		{7661A951-6892-41C9-B090-A9AF3D4B2702}.Debug|Any CPU.ActiveCfg = Debug|Any CPU
		{7661A951-6892-41C9-B090-A9AF3D4B2702}.Debug|Any CPU.Build.0 = Debug|Any CPU
		{7661A951-6892-41C9-B090-A9AF3D4B2702}.Release|Any CPU.ActiveCfg = Release|Any CPU
		{7661A951-6892-41C9-B090-A9AF3D4B2702}.Release|Any CPU.Build.0 = Release|Any CPU
	EndGlobalSection
	GlobalSection(SolutionProperties) = preSolution
		HideSolutionNode = FALSE
	EndGlobalSection
	GlobalSection(ExtensibilityGlobals) = postSolution
		SolutionGuid = {D3C85921-7AE7-4F94-9FA6-67A751CCAB60}
	EndGlobalSection
EndGlobal
